
Microsoft Visual Studio Solution File, Format Version 12.00
# Visual Studio Version 17
VisualStudioVersion = 17.8.34227.203
MinimumVisualStudioVersion = 10.0.40219.1
Project("{2150E333-8FDC-42A3-9474-1A3956D46DE8}") = "Test", "Test", "{9CAE45F9-21CA-4791-8D55-E3EFF1D4BC67}"
EndProject
Project("{2150E333-8FDC-42A3-9474-1A3956D46DE8}") = "Libs", "Libs", "{7225C7C5-5628-446B-9AF5-97E7FE3356E3}"
EndProject
Project("{9A19103F-16F7-4668-BE54-9A1E7A4F7556}") = "Noxy.NET.UI.Dialog", "Noxy.NET.UI.Dialog\Noxy.NET.UI.Dialog.csproj", "{89A5C2E2-0786-4249-AABE-167E6550FF1F}"
EndProject
Project("{9A19103F-16F7-4668-BE54-9A1E7A4F7556}") = "Noxy.NET.UI.Wizard", "Noxy.NET.UI.Wizard\Noxy.NET.UI.Wizard.csproj", "{4F1BBC65-5D3B-4B03-BCA6-421941E922A3}"
EndProject
Project("{9A19103F-16F7-4668-BE54-9A1E7A4F7556}") = "Noxy.NET.UI.Common", "Noxy.NET.UI.Common\Noxy.NET.UI.Common.csproj", "{78020B8A-580D-455D-8FD5-A34D38766AE9}"
EndProject
Project("{9A19103F-16F7-4668-BE54-9A1E7A4F7556}") = "Noxy.NET.UI.Table", "Noxy.NET.UI.Table\Noxy.NET.UI.Table.csproj", "{839A6A5D-FFBD-4040-8257-3ADB95C70BE1}"
EndProject
Project("{9A19103F-16F7-4668-BE54-9A1E7A4F7556}") = "Noxy.NET.Common", "Noxy.NET.Common\Noxy.NET.Common.csproj", "{56969925-8231-458F-BD34-C48AA0003664}"
EndProject
Project("{FAE04EC0-301F-11D3-BF4B-00C04F79EFBC}") = "Test.UnitTest", "Test.UnitTest\Test.UnitTest.csproj", "{99C9DF97-296F-4AC7-8E56-1F6A4AAA0AC8}"
EndProject
Project("{FAE04EC0-301F-11D3-BF4B-00C04F79EFBC}") = "Noxy.NET.UI.WebForm", "Noxy.NET.UI.WebForm\Noxy.NET.UI.WebForm.csproj", "{5BA59FA1-1C96-4E49-9AA0-27886B890C9F}"
EndProject
Project("{FAE04EC0-301F-11D3-BF4B-00C04F79EFBC}") = "Noxy.NET.UI.Graphics", "Noxy.NET.UI.Graphics\Noxy.NET.UI.Graphics.csproj", "{5BCB0659-1B36-4513-8323-C9709F422E19}"
EndProject
Project("{FAE04EC0-301F-11D3-BF4B-00C04F79EFBC}") = "Noxy.NET.UI.Graph", "Noxy.NET.UI.Graph\Noxy.NET.UI.Graph.csproj", "{25124E39-BA31-45C0-9649-90A0678A5007}"
EndProject
Project("{FAE04EC0-301F-11D3-BF4B-00C04F79EFBC}") = "Noxy.NET.UI.Calendar", "Noxy.NET.UI.Calendar\Noxy.NET.UI.Calendar.csproj", "{6FEC988F-1680-499C-A7EA-92575B5C275D}"
EndProject
Project("{FAE04EC0-301F-11D3-BF4B-00C04F79EFBC}") = "Noxy.NET.Test.Presentation.Frontend", "Noxy.NET.Test.Presentation.Frontend\Noxy.NET.Test.Presentation.Frontend.csproj", "{45955B28-F4A3-4F85-AA45-72F896EBA794}"
EndProject
Project("{FAE04EC0-301F-11D3-BF4B-00C04F79EFBC}") = "Noxy.NET.Test.API", "Noxy.NET.Test.API\Noxy.NET.Test.API.csproj", "{35B755DF-6E8E-4673-80A5-CB8BABE67B3E}"
EndProject
Project("{FAE04EC0-301F-11D3-BF4B-00C04F79EFBC}") = "Noxy.NET.Test.Application", "Noxy.NET.Test.Application\Noxy.NET.Test.Application.csproj", "{4C5A672F-DC0E-4DD8-8CD7-A97A6DA0C5BB}"
EndProject
Project("{FAE04EC0-301F-11D3-BF4B-00C04F79EFBC}") = "Noxy.NET.Test.Domain", "Noxy.NET.Test.Domain\Noxy.NET.Test.Domain.csproj", "{D7CA3BC7-6BA0-444A-870F-6C068E66D9B7}"
EndProject
Project("{FAE04EC0-301F-11D3-BF4B-00C04F79EFBC}") = "Noxy.NET.Test.Persistence", "Noxy.NET.Test.Persistence\Noxy.NET.Test.Persistence.csproj", "{21886EE4-3684-4A5F-AA7E-8AB5616E245F}"
EndProject
Project("{FAE04EC0-301F-11D3-BF4B-00C04F79EFBC}") = "Noxy.NET.Test.Database", "Noxy.NET.Test.Database\Noxy.NET.Test.Database.csproj", "{4C1AD2C6-8D7D-48B7-92F2-3DA59BEF8FFA}"
EndProject
Project("{FAE04EC0-301F-11D3-BF4B-00C04F79EFBC}") = "Noxy.NET.Test.Presentation", "Noxy.NET.Test.Presentation\Noxy.NET.Test.Presentation.csproj", "{F2383CFF-BC98-4493-838C-D076C5E52737}"
EndProject
Project("{FAE04EC0-301F-11D3-BF4B-00C04F79EFBC}") = "Noxy.NET.UI.Elements", "Noxy.NET.UI.Elements\Noxy.NET.UI.Elements.csproj", "{7BCBD6FF-DAC3-465A-917E-E27E5FCEE4DF}"
EndProject
Global
	GlobalSection(SolutionConfigurationPlatforms) = preSolution
		Debug|Any CPU = Debug|Any CPU
		Release|Any CPU = Release|Any CPU
	EndGlobalSection
	GlobalSection(ProjectConfigurationPlatforms) = postSolution
		{89A5C2E2-0786-4249-AABE-167E6550FF1F}.Debug|Any CPU.ActiveCfg = Debug|Any CPU
		{89A5C2E2-0786-4249-AABE-167E6550FF1F}.Debug|Any CPU.Build.0 = Debug|Any CPU
		{89A5C2E2-0786-4249-AABE-167E6550FF1F}.Release|Any CPU.ActiveCfg = Release|Any CPU
		{89A5C2E2-0786-4249-AABE-167E6550FF1F}.Release|Any CPU.Build.0 = Release|Any CPU
		{4F1BBC65-5D3B-4B03-BCA6-421941E922A3}.Debug|Any CPU.ActiveCfg = Debug|Any CPU
		{4F1BBC65-5D3B-4B03-BCA6-421941E922A3}.Debug|Any CPU.Build.0 = Debug|Any CPU
		{4F1BBC65-5D3B-4B03-BCA6-421941E922A3}.Release|Any CPU.ActiveCfg = Release|Any CPU
		{4F1BBC65-5D3B-4B03-BCA6-421941E922A3}.Release|Any CPU.Build.0 = Release|Any CPU
		{78020B8A-580D-455D-8FD5-A34D38766AE9}.Debug|Any CPU.ActiveCfg = Debug|Any CPU
		{78020B8A-580D-455D-8FD5-A34D38766AE9}.Debug|Any CPU.Build.0 = Debug|Any CPU
		{78020B8A-580D-455D-8FD5-A34D38766AE9}.Release|Any CPU.ActiveCfg = Release|Any CPU
		{78020B8A-580D-455D-8FD5-A34D38766AE9}.Release|Any CPU.Build.0 = Release|Any CPU
		{839A6A5D-FFBD-4040-8257-3ADB95C70BE1}.Debug|Any CPU.ActiveCfg = Debug|Any CPU
		{839A6A5D-FFBD-4040-8257-3ADB95C70BE1}.Debug|Any CPU.Build.0 = Debug|Any CPU
		{839A6A5D-FFBD-4040-8257-3ADB95C70BE1}.Release|Any CPU.ActiveCfg = Release|Any CPU
		{839A6A5D-FFBD-4040-8257-3ADB95C70BE1}.Release|Any CPU.Build.0 = Release|Any CPU
		{56969925-8231-458F-BD34-C48AA0003664}.Debug|Any CPU.ActiveCfg = Debug|Any CPU
		{56969925-8231-458F-BD34-C48AA0003664}.Debug|Any CPU.Build.0 = Debug|Any CPU
		{56969925-8231-458F-BD34-C48AA0003664}.Release|Any CPU.ActiveCfg = Release|Any CPU
		{56969925-8231-458F-BD34-C48AA0003664}.Release|Any CPU.Build.0 = Release|Any CPU
		{99C9DF97-296F-4AC7-8E56-1F6A4AAA0AC8}.Debug|Any CPU.ActiveCfg = Debug|Any CPU
		{99C9DF97-296F-4AC7-8E56-1F6A4AAA0AC8}.Debug|Any CPU.Build.0 = Debug|Any CPU
		{99C9DF97-296F-4AC7-8E56-1F6A4AAA0AC8}.Release|Any CPU.ActiveCfg = Release|Any CPU
		{99C9DF97-296F-4AC7-8E56-1F6A4AAA0AC8}.Release|Any CPU.Build.0 = Release|Any CPU
		{5BA59FA1-1C96-4E49-9AA0-27886B890C9F}.Debug|Any CPU.ActiveCfg = Debug|Any CPU
		{5BA59FA1-1C96-4E49-9AA0-27886B890C9F}.Debug|Any CPU.Build.0 = Debug|Any CPU
		{5BA59FA1-1C96-4E49-9AA0-27886B890C9F}.Release|Any CPU.ActiveCfg = Release|Any CPU
		{5BA59FA1-1C96-4E49-9AA0-27886B890C9F}.Release|Any CPU.Build.0 = Release|Any CPU
		{5BCB0659-1B36-4513-8323-C9709F422E19}.Debug|Any CPU.ActiveCfg = Debug|Any CPU
		{5BCB0659-1B36-4513-8323-C9709F422E19}.Debug|Any CPU.Build.0 = Debug|Any CPU
		{5BCB0659-1B36-4513-8323-C9709F422E19}.Release|Any CPU.ActiveCfg = Release|Any CPU
		{5BCB0659-1B36-4513-8323-C9709F422E19}.Release|Any CPU.Build.0 = Release|Any CPU
		{25124E39-BA31-45C0-9649-90A0678A5007}.Debug|Any CPU.ActiveCfg = Debug|Any CPU
		{25124E39-BA31-45C0-9649-90A0678A5007}.Debug|Any CPU.Build.0 = Debug|Any CPU
		{25124E39-BA31-45C0-9649-90A0678A5007}.Release|Any CPU.ActiveCfg = Release|Any CPU
		{25124E39-BA31-45C0-9649-90A0678A5007}.Release|Any CPU.Build.0 = Release|Any CPU
		{6FEC988F-1680-499C-A7EA-92575B5C275D}.Debug|Any CPU.ActiveCfg = Debug|Any CPU
		{6FEC988F-1680-499C-A7EA-92575B5C275D}.Debug|Any CPU.Build.0 = Debug|Any CPU
		{6FEC988F-1680-499C-A7EA-92575B5C275D}.Release|Any CPU.ActiveCfg = Release|Any CPU
		{6FEC988F-1680-499C-A7EA-92575B5C275D}.Release|Any CPU.Build.0 = Release|Any CPU
		{45955B28-F4A3-4F85-AA45-72F896EBA794}.Debug|Any CPU.ActiveCfg = Debug|Any CPU
		{45955B28-F4A3-4F85-AA45-72F896EBA794}.Debug|Any CPU.Build.0 = Debug|Any CPU
		{45955B28-F4A3-4F85-AA45-72F896EBA794}.Release|Any CPU.ActiveCfg = Release|Any CPU
		{45955B28-F4A3-4F85-AA45-72F896EBA794}.Release|Any CPU.Build.0 = Release|Any CPU
		{35B755DF-6E8E-4673-80A5-CB8BABE67B3E}.Debug|Any CPU.ActiveCfg = Debug|Any CPU
		{35B755DF-6E8E-4673-80A5-CB8BABE67B3E}.Debug|Any CPU.Build.0 = Debug|Any CPU
		{35B755DF-6E8E-4673-80A5-CB8BABE67B3E}.Release|Any CPU.ActiveCfg = Release|Any CPU
		{35B755DF-6E8E-4673-80A5-CB8BABE67B3E}.Release|Any CPU.Build.0 = Release|Any CPU
		{4C5A672F-DC0E-4DD8-8CD7-A97A6DA0C5BB}.Debug|Any CPU.ActiveCfg = Debug|Any CPU
		{4C5A672F-DC0E-4DD8-8CD7-A97A6DA0C5BB}.Debug|Any CPU.Build.0 = Debug|Any CPU
		{4C5A672F-DC0E-4DD8-8CD7-A97A6DA0C5BB}.Release|Any CPU.ActiveCfg = Release|Any CPU
		{4C5A672F-DC0E-4DD8-8CD7-A97A6DA0C5BB}.Release|Any CPU.Build.0 = Release|Any CPU
		{D7CA3BC7-6BA0-444A-870F-6C068E66D9B7}.Debug|Any CPU.ActiveCfg = Debug|Any CPU
		{D7CA3BC7-6BA0-444A-870F-6C068E66D9B7}.Debug|Any CPU.Build.0 = Debug|Any CPU
		{D7CA3BC7-6BA0-444A-870F-6C068E66D9B7}.Release|Any CPU.ActiveCfg = Release|Any CPU
		{D7CA3BC7-6BA0-444A-870F-6C068E66D9B7}.Release|Any CPU.Build.0 = Release|Any CPU
		{21886EE4-3684-4A5F-AA7E-8AB5616E245F}.Debug|Any CPU.ActiveCfg = Debug|Any CPU
		{21886EE4-3684-4A5F-AA7E-8AB5616E245F}.Debug|Any CPU.Build.0 = Debug|Any CPU
		{21886EE4-3684-4A5F-AA7E-8AB5616E245F}.Release|Any CPU.ActiveCfg = Release|Any CPU
		{21886EE4-3684-4A5F-AA7E-8AB5616E245F}.Release|Any CPU.Build.0 = Release|Any CPU
		{4C1AD2C6-8D7D-48B7-92F2-3DA59BEF8FFA}.Debug|Any CPU.ActiveCfg = Debug|Any CPU
		{4C1AD2C6-8D7D-48B7-92F2-3DA59BEF8FFA}.Debug|Any CPU.Build.0 = Debug|Any CPU
		{4C1AD2C6-8D7D-48B7-92F2-3DA59BEF8FFA}.Release|Any CPU.ActiveCfg = Release|Any CPU
		{4C1AD2C6-8D7D-48B7-92F2-3DA59BEF8FFA}.Release|Any CPU.Build.0 = Release|Any CPU
		{F2383CFF-BC98-4493-838C-D076C5E52737}.Debug|Any CPU.ActiveCfg = Debug|Any CPU
		{F2383CFF-BC98-4493-838C-D076C5E52737}.Debug|Any CPU.Build.0 = Debug|Any CPU
		{F2383CFF-BC98-4493-838C-D076C5E52737}.Release|Any CPU.ActiveCfg = Release|Any CPU
		{F2383CFF-BC98-4493-838C-D076C5E52737}.Release|Any CPU.Build.0 = Release|Any CPU
		{7BCBD6FF-DAC3-465A-917E-E27E5FCEE4DF}.Debug|Any CPU.ActiveCfg = Debug|Any CPU
		{7BCBD6FF-DAC3-465A-917E-E27E5FCEE4DF}.Debug|Any CPU.Build.0 = Debug|Any CPU
		{7BCBD6FF-DAC3-465A-917E-E27E5FCEE4DF}.Release|Any CPU.ActiveCfg = Release|Any CPU
		{7BCBD6FF-DAC3-465A-917E-E27E5FCEE4DF}.Release|Any CPU.Build.0 = Release|Any CPU
	EndGlobalSection
	GlobalSection(SolutionProperties) = preSolution
		HideSolutionNode = FALSE
	EndGlobalSection
	GlobalSection(NestedProjects) = preSolution
		{89A5C2E2-0786-4249-AABE-167E6550FF1F} = {7225C7C5-5628-446B-9AF5-97E7FE3356E3}
		{4F1BBC65-5D3B-4B03-BCA6-421941E922A3} = {7225C7C5-5628-446B-9AF5-97E7FE3356E3}
		{78020B8A-580D-455D-8FD5-A34D38766AE9} = {7225C7C5-5628-446B-9AF5-97E7FE3356E3}
		{839A6A5D-FFBD-4040-8257-3ADB95C70BE1} = {7225C7C5-5628-446B-9AF5-97E7FE3356E3}
		{56969925-8231-458F-BD34-C48AA0003664} = {7225C7C5-5628-446B-9AF5-97E7FE3356E3}
		{99C9DF97-296F-4AC7-8E56-1F6A4AAA0AC8} = {9CAE45F9-21CA-4791-8D55-E3EFF1D4BC67}
		{5BA59FA1-1C96-4E49-9AA0-27886B890C9F} = {7225C7C5-5628-446B-9AF5-97E7FE3356E3}
		{5BCB0659-1B36-4513-8323-C9709F422E19} = {7225C7C5-5628-446B-9AF5-97E7FE3356E3}
		{25124E39-BA31-45C0-9649-90A0678A5007} = {7225C7C5-5628-446B-9AF5-97E7FE3356E3}
		{6FEC988F-1680-499C-A7EA-92575B5C275D} = {7225C7C5-5628-446B-9AF5-97E7FE3356E3}
		{45955B28-F4A3-4F85-AA45-72F896EBA794} = {9CAE45F9-21CA-4791-8D55-E3EFF1D4BC67}
		{35B755DF-6E8E-4673-80A5-CB8BABE67B3E} = {9CAE45F9-21CA-4791-8D55-E3EFF1D4BC67}
		{4C5A672F-DC0E-4DD8-8CD7-A97A6DA0C5BB} = {9CAE45F9-21CA-4791-8D55-E3EFF1D4BC67}
		{D7CA3BC7-6BA0-444A-870F-6C068E66D9B7} = {9CAE45F9-21CA-4791-8D55-E3EFF1D4BC67}
		{21886EE4-3684-4A5F-AA7E-8AB5616E245F} = {9CAE45F9-21CA-4791-8D55-E3EFF1D4BC67}
		{4C1AD2C6-8D7D-48B7-92F2-3DA59BEF8FFA} = {9CAE45F9-21CA-4791-8D55-E3EFF1D4BC67}
		{F2383CFF-BC98-4493-838C-D076C5E52737} = {9CAE45F9-21CA-4791-8D55-E3EFF1D4BC67}
		{7BCBD6FF-DAC3-465A-917E-E27E5FCEE4DF} = {7225C7C5-5628-446B-9AF5-97E7FE3356E3}
	EndGlobalSection
	GlobalSection(ExtensibilityGlobals) = postSolution
		SolutionGuid = {B114B5EB-0D5D-43A3-8CA4-66193E2ED600}
	EndGlobalSection
EndGlobal
